// !$*UTF8*$!
{
	archiveVersion = 1;
	classes = {
	};
	objectVersion = 51;
	objects = {

/* Begin PBXBuildFile section */
		01082D5C8EBCDEDAFFC99E09 /* Pods_WebtoonAssistant.framework in Frameworks */ = {isa = PBXBuildFile; fileRef = 8C57A2070A5AD6D11F8C12B2 /* Pods_WebtoonAssistant.framework */; };
		1A4D773725E23AC900BD0496 /* Webtoon.xcdatamodeld in Sources */ = {isa = PBXBuildFile; fileRef = 1A4D773525E23AC900BD0496 /* Webtoon.xcdatamodeld */; };
		1A4D773A25E23B0C00BD0496 /* Webtoon+CoreDataClass.swift in Sources */ = {isa = PBXBuildFile; fileRef = 1A4D773925E23B0C00BD0496 /* Webtoon+CoreDataClass.swift */; };
		1A4D773D25E23B1A00BD0496 /* Webtoon+CoreDataProperties.swift in Sources */ = {isa = PBXBuildFile; fileRef = 1A4D773C25E23B1A00BD0496 /* Webtoon+CoreDataProperties.swift */; };
		1A4D774025E23BAA00BD0496 /* Persistence.swift in Sources */ = {isa = PBXBuildFile; fileRef = 1A4D773F25E23BAA00BD0496 /* Persistence.swift */; };
		1A9AB08A25AEDBEF00576D5F /* settingsView.swift in Sources */ = {isa = PBXBuildFile; fileRef = 1A9AB08925AEDBEF00576D5F /* settingsView.swift */; };
		1A9AB09825B9BF2200576D5F /* myWebtoon.swift in Sources */ = {isa = PBXBuildFile; fileRef = 1A9AB09725B9BF2200576D5F /* myWebtoon.swift */; };
		1ACED8E925A217EC0014D254 /* WebtoonAssistantApp.swift in Sources */ = {isa = PBXBuildFile; fileRef = 1ACED8E825A217EC0014D254 /* WebtoonAssistantApp.swift */; };
		1ACED8EB25A217EC0014D254 /* ContentView.swift in Sources */ = {isa = PBXBuildFile; fileRef = 1ACED8EA25A217EC0014D254 /* ContentView.swift */; };
		1ACED8FC25A21AAA0014D254 /* WebView.swift in Sources */ = {isa = PBXBuildFile; fileRef = 1ACED8FB25A21AAA0014D254 /* WebView.swift */; };
/* End PBXBuildFile section */

/* Begin PBXFileReference section */
		1A4D773625E23AC900BD0496 /* Webtoon.xcdatamodel */ = {isa = PBXFileReference; lastKnownFileType = wrapper.xcdatamodel; path = Webtoon.xcdatamodel; sourceTree = "<group>"; };
		1A4D773925E23B0C00BD0496 /* Webtoon+CoreDataClass.swift */ = {isa = PBXFileReference; lastKnownFileType = sourcecode.swift; path = "Webtoon+CoreDataClass.swift"; sourceTree = "<group>"; };
		1A4D773C25E23B1A00BD0496 /* Webtoon+CoreDataProperties.swift */ = {isa = PBXFileReference; lastKnownFileType = sourcecode.swift; path = "Webtoon+CoreDataProperties.swift"; sourceTree = "<group>"; };
		1A4D773F25E23BAA00BD0496 /* Persistence.swift */ = {isa = PBXFileReference; lastKnownFileType = sourcecode.swift; path = Persistence.swift; sourceTree = "<group>"; };
		1A9AB08925AEDBEF00576D5F /* settingsView.swift */ = {isa = PBXFileReference; lastKnownFileType = sourcecode.swift; path = settingsView.swift; sourceTree = "<group>"; };
		1A9AB09725B9BF2200576D5F /* myWebtoon.swift */ = {isa = PBXFileReference; lastKnownFileType = sourcecode.swift; path = myWebtoon.swift; sourceTree = "<group>"; };
		1ACED8E525A217EC0014D254 /* WebtoonAssistant.app */ = {isa = PBXFileReference; explicitFileType = wrapper.application; includeInIndex = 0; path = WebtoonAssistant.app; sourceTree = BUILT_PRODUCTS_DIR; };
		1ACED8E825A217EC0014D254 /* WebtoonAssistantApp.swift */ = {isa = PBXFileReference; lastKnownFileType = sourcecode.swift; path = WebtoonAssistantApp.swift; sourceTree = "<group>"; };
		1ACED8EA25A217EC0014D254 /* ContentView.swift */ = {isa = PBXFileReference; lastKnownFileType = sourcecode.swift; path = ContentView.swift; sourceTree = "<group>"; };
		1ACED8EC25A217EE0014D254 /* Assets.xcassets */ = {isa = PBXFileReference; lastKnownFileType = folder.assetcatalog; path = Assets.xcassets; sourceTree = "<group>"; };
		1ACED8EF25A217EE0014D254 /* Preview Assets.xcassets */ = {isa = PBXFileReference; lastKnownFileType = folder.assetcatalog; path = "Preview Assets.xcassets"; sourceTree = "<group>"; };
		1ACED8F125A217EE0014D254 /* Info.plist */ = {isa = PBXFileReference; lastKnownFileType = text.plist.xml; path = Info.plist; sourceTree = "<group>"; };
		1ACED8FB25A21AAA0014D254 /* WebView.swift */ = {isa = PBXFileReference; lastKnownFileType = sourcecode.swift; path = WebView.swift; sourceTree = "<group>"; };
		8C57A2070A5AD6D11F8C12B2 /* Pods_WebtoonAssistant.framework */ = {isa = PBXFileReference; explicitFileType = wrapper.framework; includeInIndex = 0; path = Pods_WebtoonAssistant.framework; sourceTree = BUILT_PRODUCTS_DIR; };
		B21965DCF76FBB0BA6EC2461 /* Pods-WebtoonAssistant.release.xcconfig */ = {isa = PBXFileReference; includeInIndex = 1; lastKnownFileType = text.xcconfig; name = "Pods-WebtoonAssistant.release.xcconfig"; path = "Target Support Files/Pods-WebtoonAssistant/Pods-WebtoonAssistant.release.xcconfig"; sourceTree = "<group>"; };
		D6488293C791C1A599B02705 /* Pods-WebtoonAssistant.debug.xcconfig */ = {isa = PBXFileReference; includeInIndex = 1; lastKnownFileType = text.xcconfig; name = "Pods-WebtoonAssistant.debug.xcconfig"; path = "Target Support Files/Pods-WebtoonAssistant/Pods-WebtoonAssistant.debug.xcconfig"; sourceTree = "<group>"; };
/* End PBXFileReference section */

/* Begin PBXFrameworksBuildPhase section */
		1ACED8E225A217EC0014D254 /* Frameworks */ = {
			isa = PBXFrameworksBuildPhase;
			buildActionMask = 2147483647;
			files = (
				01082D5C8EBCDEDAFFC99E09 /* Pods_WebtoonAssistant.framework in Frameworks */,
			);
			runOnlyForDeploymentPostprocessing = 0;
		};
/* End PBXFrameworksBuildPhase section */

/* Begin PBXGroup section */
		1ACED8DC25A217EC0014D254 = {
			isa = PBXGroup;
			children = (
				1A4D773925E23B0C00BD0496 /* Webtoon+CoreDataClass.swift */,
				1A4D773C25E23B1A00BD0496 /* Webtoon+CoreDataProperties.swift */,
				1ACED8E725A217EC0014D254 /* WebtoonAssistant */,
				1ACED8E625A217EC0014D254 /* Products */,
				3E3748E71B39568BA27CA8E5 /* Pods */,
				D1E7F7002E4085937E762719 /* Frameworks */,
			);
			sourceTree = "<group>";
		};
		1ACED8E625A217EC0014D254 /* Products */ = {
			isa = PBXGroup;
			children = (
				1ACED8E525A217EC0014D254 /* WebtoonAssistant.app */,
			);
			name = Products;
			sourceTree = "<group>";
		};
		1ACED8E725A217EC0014D254 /* WebtoonAssistant */ = {
			isa = PBXGroup;
			children = (
				1ACED8E825A217EC0014D254 /* WebtoonAssistantApp.swift */,
				1ACED8EC25A217EE0014D254 /* Assets.xcassets */,
				1ACED8F125A217EE0014D254 /* Info.plist */,
				1ACED8EE25A217EE0014D254 /* Preview Content */,
				1ACED8FB25A21AAA0014D254 /* WebView.swift */,
				1A9AB08925AEDBEF00576D5F /* settingsView.swift */,
				1ACED8EA25A217EC0014D254 /* ContentView.swift */,
				1A9AB09725B9BF2200576D5F /* myWebtoon.swift */,
				1A4D773F25E23BAA00BD0496 /* Persistence.swift */,
				1A4D773525E23AC900BD0496 /* Webtoon.xcdatamodeld */,
			);
			path = WebtoonAssistant;
			sourceTree = "<group>";
		};
		1ACED8EE25A217EE0014D254 /* Preview Content */ = {
			isa = PBXGroup;
			children = (
				1ACED8EF25A217EE0014D254 /* Preview Assets.xcassets */,
			);
			path = "Preview Content";
			sourceTree = "<group>";
		};
		3E3748E71B39568BA27CA8E5 /* Pods */ = {
			isa = PBXGroup;
			children = (
				D6488293C791C1A599B02705 /* Pods-WebtoonAssistant.debug.xcconfig */,
				B21965DCF76FBB0BA6EC2461 /* Pods-WebtoonAssistant.release.xcconfig */,
			);
			path = Pods;
			sourceTree = "<group>";
		};
		D1E7F7002E4085937E762719 /* Frameworks */ = {
			isa = PBXGroup;
			children = (
				8C57A2070A5AD6D11F8C12B2 /* Pods_WebtoonAssistant.framework */,
			);
			name = Frameworks;
			sourceTree = "<group>";
		};
/* End PBXGroup section */

/* Begin PBXNativeTarget section */
		1ACED8E425A217EC0014D254 /* WebtoonAssistant */ = {
			isa = PBXNativeTarget;
			buildConfigurationList = 1ACED8F425A217EE0014D254 /* Build configuration list for PBXNativeTarget "WebtoonAssistant" */;
			buildPhases = (
				CB142541A8A513A605FFBB8A /* [CP] Check Pods Manifest.lock */,
				1ACED8E125A217EC0014D254 /* Sources */,
				1ACED8E225A217EC0014D254 /* Frameworks */,
				27D6E8A47129B92CCF521A43 /* [CP] Embed Pods Frameworks */,
			);
			buildRules = (
			);
			dependencies = (
			);
			name = WebtoonAssistant;
			productName = WebtoonAssistant;
			productReference = 1ACED8E525A217EC0014D254 /* WebtoonAssistant.app */;
			productType = "com.apple.product-type.application";
		};
/* End PBXNativeTarget section */

/* Begin PBXProject section */
		1ACED8DD25A217EC0014D254 /* Project object */ = {
			isa = PBXProject;
			attributes = {
				LastSwiftUpdateCheck = 1230;
				LastUpgradeCheck = 1230;
				TargetAttributes = {
					1ACED8E425A217EC0014D254 = {
						CreatedOnToolsVersion = 12.3;
					};
				};
			};
			buildConfigurationList = 1ACED8E025A217EC0014D254 /* Build configuration list for PBXProject "WebtoonAssistant" */;
			compatibilityVersion = "Xcode 9.3";
			developmentRegion = en;
			hasScannedForEncodings = 0;
			knownRegions = (
				en,
				Base,
			);
			mainGroup = 1ACED8DC25A217EC0014D254;
			productRefGroup = 1ACED8E625A217EC0014D254 /* Products */;
			projectDirPath = "";
			projectRoot = "";
			targets = (
				1ACED8E425A217EC0014D254 /* WebtoonAssistant */,
			);
		};
/* End PBXProject section */

/* Begin PBXShellScriptBuildPhase section */
		27D6E8A47129B92CCF521A43 /* [CP] Embed Pods Frameworks */ = {
			isa = PBXShellScriptBuildPhase;
			buildActionMask = 2147483647;
			files = (
			);
			inputFileListPaths = (
				"${PODS_ROOT}/Target Support Files/Pods-WebtoonAssistant/Pods-WebtoonAssistant-frameworks-${CONFIGURATION}-input-files.xcfilelist",
			);
			name = "[CP] Embed Pods Frameworks";
			outputFileListPaths = (
				"${PODS_ROOT}/Target Support Files/Pods-WebtoonAssistant/Pods-WebtoonAssistant-frameworks-${CONFIGURATION}-output-files.xcfilelist",
			);
			runOnlyForDeploymentPostprocessing = 0;
			shellPath = /bin/sh;
			shellScript = "\"${PODS_ROOT}/Target Support Files/Pods-WebtoonAssistant/Pods-WebtoonAssistant-frameworks.sh\"\n";
			showEnvVarsInLog = 0;
		};
		CB142541A8A513A605FFBB8A /* [CP] Check Pods Manifest.lock */ = {
			isa = PBXShellScriptBuildPhase;
			buildActionMask = 2147483647;
			files = (
			);
			inputFileListPaths = (
			);
			inputPaths = (
				"${PODS_PODFILE_DIR_PATH}/Podfile.lock",
				"${PODS_ROOT}/Manifest.lock",
			);
			name = "[CP] Check Pods Manifest.lock";
			outputFileListPaths = (
			);
			outputPaths = (
				"$(DERIVED_FILE_DIR)/Pods-WebtoonAssistant-checkManifestLockResult.txt",
			);
			runOnlyForDeploymentPostprocessing = 0;
			shellPath = /bin/sh;
			shellScript = "diff \"${PODS_PODFILE_DIR_PATH}/Podfile.lock\" \"${PODS_ROOT}/Manifest.lock\" > /dev/null\nif [ $? != 0 ] ; then\n    # print error to STDERR\n    echo \"error: The sandbox is not in sync with the Podfile.lock. Run 'pod install' or update your CocoaPods installation.\" >&2\n    exit 1\nfi\n# This output is used by Xcode 'outputs' to avoid re-running this script phase.\necho \"SUCCESS\" > \"${SCRIPT_OUTPUT_FILE_0}\"\n";
			showEnvVarsInLog = 0;
		};
/* End PBXShellScriptBuildPhase section */

/* Begin PBXSourcesBuildPhase section */
		1ACED8E125A217EC0014D254 /* Sources */ = {
			isa = PBXSourcesBuildPhase;
			buildActionMask = 2147483647;
			files = (
				1A4D774025E23BAA00BD0496 /* Persistence.swift in Sources */,
				1A4D773D25E23B1A00BD0496 /* Webtoon+CoreDataProperties.swift in Sources */,
				1A4D773A25E23B0C00BD0496 /* Webtoon+CoreDataClass.swift in Sources */,
				1A9AB09825B9BF2200576D5F /* myWebtoon.swift in Sources */,
				1ACED8EB25A217EC0014D254 /* ContentView.swift in Sources */,
				1ACED8FC25A21AAA0014D254 /* WebView.swift in Sources */,
				1A9AB08A25AEDBEF00576D5F /* settingsView.swift in Sources */,
				1A4D773725E23AC900BD0496 /* Webtoon.xcdatamodeld in Sources */,
				1ACED8E925A217EC0014D254 /* WebtoonAssistantApp.swift in Sources */,
			);
			runOnlyForDeploymentPostprocessing = 0;
		};
/* End PBXSourcesBuildPhase section */

/* Begin XCBuildConfiguration section */
		1ACED8F225A217EE0014D254 /* Debug */ = {
			isa = XCBuildConfiguration;
			buildSettings = {
				ALWAYS_SEARCH_USER_PATHS = NO;
				CLANG_ANALYZER_NONNULL = YES;
				CLANG_ANALYZER_NUMBER_OBJECT_CONVERSION = YES_AGGRESSIVE;
				CLANG_CXX_LANGUAGE_STANDARD = "gnu++14";
				CLANG_CXX_LIBRARY = "libc++";
				CLANG_ENABLE_MODULES = YES;
				CLANG_ENABLE_OBJC_ARC = YES;
				CLANG_ENABLE_OBJC_WEAK = YES;
				CLANG_WARN_BLOCK_CAPTURE_AUTORELEASING = YES;
				CLANG_WARN_BOOL_CONVERSION = YES;
				CLANG_WARN_COMMA = YES;
				CLANG_WARN_CONSTANT_CONVERSION = YES;
				CLANG_WARN_DEPRECATED_OBJC_IMPLEMENTATIONS = YES;
				CLANG_WARN_DIRECT_OBJC_ISA_USAGE = YES_ERROR;
				CLANG_WARN_DOCUMENTATION_COMMENTS = YES;
				CLANG_WARN_EMPTY_BODY = YES;
				CLANG_WARN_ENUM_CONVERSION = YES;
				CLANG_WARN_INFINITE_RECURSION = YES;
				CLANG_WARN_INT_CONVERSION = YES;
				CLANG_WARN_NON_LITERAL_NULL_CONVERSION = YES;
				CLANG_WARN_OBJC_IMPLICIT_RETAIN_SELF = YES;
				CLANG_WARN_OBJC_LITERAL_CONVERSION = YES;
				CLANG_WARN_OBJC_ROOT_CLASS = YES_ERROR;
				CLANG_WARN_QUOTED_INCLUDE_IN_FRAMEWORK_HEADER = YES;
				CLANG_WARN_RANGE_LOOP_ANALYSIS = YES;
				CLANG_WARN_STRICT_PROTOTYPES = YES;
				CLANG_WARN_SUSPICIOUS_MOVE = YES;
				CLANG_WARN_UNGUARDED_AVAILABILITY = YES_AGGRESSIVE;
				CLANG_WARN_UNREACHABLE_CODE = YES;
				CLANG_WARN__DUPLICATE_METHOD_MATCH = YES;
				COPY_PHASE_STRIP = NO;
				DEBUG_INFORMATION_FORMAT = dwarf;
				ENABLE_STRICT_OBJC_MSGSEND = YES;
				ENABLE_TESTABILITY = YES;
				GCC_C_LANGUAGE_STANDARD = gnu11;
				GCC_DYNAMIC_NO_PIC = NO;
				GCC_NO_COMMON_BLOCKS = YES;
				GCC_OPTIMIZATION_LEVEL = 0;
				GCC_PREPROCESSOR_DEFINITIONS = (
					"DEBUG=1",
					"$(inherited)",
				);
				GCC_WARN_64_TO_32_BIT_CONVERSION = YES;
				GCC_WARN_ABOUT_RETURN_TYPE = YES_ERROR;
				GCC_WARN_UNDECLARED_SELECTOR = YES;
				GCC_WARN_UNINITIALIZED_AUTOS = YES_AGGRESSIVE;
				GCC_WARN_UNUSED_FUNCTION = YES;
				GCC_WARN_UNUSED_VARIABLE = YES;
				IPHONEOS_DEPLOYMENT_TARGET = 14.3;
				MTL_ENABLE_DEBUG_INFO = INCLUDE_SOURCE;
				MTL_FAST_MATH = YES;
				ONLY_ACTIVE_ARCH = YES;
				SDKROOT = iphoneos;
				SWIFT_ACTIVE_COMPILATION_CONDITIONS = DEBUG;
				SWIFT_OPTIMIZATION_LEVEL = "-Onone";
			};
			name = Debug;
		};
		1ACED8F325A217EE0014D254 /* Release */ = {
			isa = XCBuildConfiguration;
			buildSettings = {
				ALWAYS_SEARCH_USER_PATHS = NO;
				CLANG_ANALYZER_NONNULL = YES;
				CLANG_ANALYZER_NUMBER_OBJECT_CONVERSION = YES_AGGRESSIVE;
				CLANG_CXX_LANGUAGE_STANDARD = "gnu++14";
				CLANG_CXX_LIBRARY = "libc++";
				CLANG_ENABLE_MODULES = YES;
				CLANG_ENABLE_OBJC_ARC = YES;
				CLANG_ENABLE_OBJC_WEAK = YES;
				CLANG_WARN_BLOCK_CAPTURE_AUTORELEASING = YES;
				CLANG_WARN_BOOL_CONVERSION = YES;
				CLANG_WARN_COMMA = YES;
				CLANG_WARN_CONSTANT_CONVERSION = YES;
				CLANG_WARN_DEPRECATED_OBJC_IMPLEMENTATIONS = YES;
				CLANG_WARN_DIRECT_OBJC_ISA_USAGE = YES_ERROR;
				CLANG_WARN_DOCUMENTATION_COMMENTS = YES;
				CLANG_WARN_EMPTY_BODY = YES;
				CLANG_WARN_ENUM_CONVERSION = YES;
				CLANG_WARN_INFINITE_RECURSION = YES;
				CLANG_WARN_INT_CONVERSION = YES;
				CLANG_WARN_NON_LITERAL_NULL_CONVERSION = YES;
				CLANG_WARN_OBJC_IMPLICIT_RETAIN_SELF = YES;
				CLANG_WARN_OBJC_LITERAL_CONVERSION = YES;
				CLANG_WARN_OBJC_ROOT_CLASS = YES_ERROR;
				CLANG_WARN_QUOTED_INCLUDE_IN_FRAMEWORK_HEADER = YES;
				CLANG_WARN_RANGE_LOOP_ANALYSIS = YES;
				CLANG_WARN_STRICT_PROTOTYPES = YES;
				CLANG_WARN_SUSPICIOUS_MOVE = YES;
				CLANG_WARN_UNGUARDED_AVAILABILITY = YES_AGGRESSIVE;
				CLANG_WARN_UNREACHABLE_CODE = YES;
				CLANG_WARN__DUPLICATE_METHOD_MATCH = YES;
				COPY_PHASE_STRIP = NO;
				DEBUG_INFORMATION_FORMAT = "dwarf-with-dsym";
				ENABLE_NS_ASSERTIONS = NO;
				ENABLE_STRICT_OBJC_MSGSEND = YES;
				GCC_C_LANGUAGE_STANDARD = gnu11;
				GCC_NO_COMMON_BLOCKS = YES;
				GCC_WARN_64_TO_32_BIT_CONVERSION = YES;
				GCC_WARN_ABOUT_RETURN_TYPE = YES_ERROR;
				GCC_WARN_UNDECLARED_SELECTOR = YES;
				GCC_WARN_UNINITIALIZED_AUTOS = YES_AGGRESSIVE;
				GCC_WARN_UNUSED_FUNCTION = YES;
				GCC_WARN_UNUSED_VARIABLE = YES;
				IPHONEOS_DEPLOYMENT_TARGET = 14.3;
				MTL_ENABLE_DEBUG_INFO = NO;
				MTL_FAST_MATH = YES;
				SDKROOT = iphoneos;
				SWIFT_COMPILATION_MODE = wholemodule;
				SWIFT_OPTIMIZATION_LEVEL = "-O";
				VALIDATE_PRODUCT = YES;
			};
			name = Release;
		};
		1ACED8F525A217EE0014D254 /* Debug */ = {
			isa = XCBuildConfiguration;
			baseConfigurationReference = D6488293C791C1A599B02705 /* Pods-WebtoonAssistant.debug.xcconfig */;
			buildSettings = {
				ASSETCATALOG_COMPILER_APPICON_NAME = AppIcon;
				ASSETCATALOG_COMPILER_GLOBAL_ACCENT_COLOR_NAME = AccentColor;
				CODE_SIGN_STYLE = Automatic;
				DEVELOPMENT_ASSET_PATHS = "\"WebtoonAssistant/Preview Content\"";
				DEVELOPMENT_TEAM = ZKRH5N6RGG;
				ENABLE_PREVIEWS = YES;
				INFOPLIST_FILE = WebtoonAssistant/Info.plist;
				IPHONEOS_DEPLOYMENT_TARGET = 14.0;
				LD_RUNPATH_SEARCH_PATHS = (
					"$(inherited)",
					"@executable_path/Frameworks",
				);
				PRODUCT_BUNDLE_IDENTIFIER = parkgyurim.WebtoonAssistant;
				PRODUCT_NAME = "$(TARGET_NAME)";
				SWIFT_VERSION = 5.0;
				TARGETED_DEVICE_FAMILY = "1,2";
			};
			name = Debug;
		};
		1ACED8F625A217EE0014D254 /* Release */ = {
			isa = XCBuildConfiguration;
			baseConfigurationReference = B21965DCF76FBB0BA6EC2461 /* Pods-WebtoonAssistant.release.xcconfig */;
			buildSettings = {
				ASSETCATALOG_COMPILER_APPICON_NAME = AppIcon;
				ASSETCATALOG_COMPILER_GLOBAL_ACCENT_COLOR_NAME = AccentColor;
				CODE_SIGN_STYLE = Automatic;
				DEVELOPMENT_ASSET_PATHS = "\"WebtoonAssistant/Preview Content\"";
				DEVELOPMENT_TEAM = ZKRH5N6RGG;
				ENABLE_PREVIEWS = YES;
				INFOPLIST_FILE = WebtoonAssistant/Info.plist;
				IPHONEOS_DEPLOYMENT_TARGET = 14.0;
				LD_RUNPATH_SEARCH_PATHS = (
					"$(inherited)",
					"@executable_path/Frameworks",
				);
				PRODUCT_BUNDLE_IDENTIFIER = parkgyurim.WebtoonAssistant;
				PRODUCT_NAME = "$(TARGET_NAME)";
				SWIFT_VERSION = 5.0;
				TARGETED_DEVICE_FAMILY = "1,2";
			};
			name = Release;
		};
/* End XCBuildConfiguration section */

/* Begin XCConfigurationList section */
		1ACED8E025A217EC0014D254 /* Build configuration list for PBXProject "WebtoonAssistant" */ = {
			isa = XCConfigurationList;
			buildConfigurations = (
				1ACED8F225A217EE0014D254 /* Debug */,
				1ACED8F325A217EE0014D254 /* Release */,
			);
			defaultConfigurationIsVisible = 0;
			defaultConfigurationName = Release;
		};
		1ACED8F425A217EE0014D254 /* Build configuration list for PBXNativeTarget "WebtoonAssistant" */ = {
			isa = XCConfigurationList;
			buildConfigurations = (
				1ACED8F525A217EE0014D254 /* Debug */,
				1ACED8F625A217EE0014D254 /* Release */,
			);
			defaultConfigurationIsVisible = 0;
			defaultConfigurationName = Release;
		};
/* End XCConfigurationList section */

/* Begin XCVersionGroup section */
		1A4D773525E23AC900BD0496 /* Webtoon.xcdatamodeld */ = {
			isa = XCVersionGroup;
			children = (
				1A4D773625E23AC900BD0496 /* Webtoon.xcdatamodel */,
			);
			currentVersion = 1A4D773625E23AC900BD0496 /* Webtoon.xcdatamodel */;
			path = Webtoon.xcdatamodeld;
			sourceTree = "<group>";
			versionGroupType = wrapper.xcdatamodel;
		};
/* End XCVersionGroup section */
	};
	rootObject = 1ACED8DD25A217EC0014D254 /* Project object */;
}
