// !$*UTF8*$!
{
	archiveVersion = 1;
	classes = {
	};
	objectVersion = 51;
	objects = {

/* Begin PBXBuildFile section */
		1A34C1D326BFCABD008B3A78 /* WebtoonViewModel.swift in Sources */ = {isa = PBXBuildFile; fileRef = 1A34C1D226BFCABD008B3A78 /* WebtoonViewModel.swift */; };
		1A34C1D626BFCB1C008B3A78 /* Image+Extensions.swift in Sources */ = {isa = PBXBuildFile; fileRef = 1A34C1D526BFCB1C008B3A78 /* Image+Extensions.swift */; };
		1A34C1D826BFCC16008B3A78 /* WebtoonCardView.swift in Sources */ = {isa = PBXBuildFile; fileRef = 1A34C1D726BFCC16008B3A78 /* WebtoonCardView.swift */; };
		1A34C1DA26BFD116008B3A78 /* DayPicker.swift in Sources */ = {isa = PBXBuildFile; fileRef = 1A34C1D926BFD116008B3A78 /* DayPicker.swift */; };
		1A34C1F826C02D69008B3A78 /* ImageCacheModel.swift in Sources */ = {isa = PBXBuildFile; fileRef = 1A34C1F726C02D68008B3A78 /* ImageCacheModel.swift */; };
		1A34C1FA26C02DF7008B3A78 /* ImageCacheViewModel.swift in Sources */ = {isa = PBXBuildFile; fileRef = 1A34C1F926C02DF7008B3A78 /* ImageCacheViewModel.swift */; };
		1AA5339526EDF3E900C8147C /* LandingView.swift in Sources */ = {isa = PBXBuildFile; fileRef = 1AA5339426EDF3E900C8147C /* LandingView.swift */; };
		1AA5339726EE036100C8147C /* ContentViewModel.swift in Sources */ = {isa = PBXBuildFile; fileRef = 1AA5339626EE036100C8147C /* ContentViewModel.swift */; };
		1AA5339A26EE2A2100C8147C /* LandingViewModel.swift in Sources */ = {isa = PBXBuildFile; fileRef = 1AA5339926EE2A2100C8147C /* LandingViewModel.swift */; };
		1AB2753625E4DD7C0013D046 /* WebtoonAssistant_CoredataApp.swift in Sources */ = {isa = PBXBuildFile; fileRef = 1AB2753525E4DD7C0013D046 /* WebtoonAssistant_CoredataApp.swift */; };
		1AB2753825E4DD7C0013D046 /* ContentView.swift in Sources */ = {isa = PBXBuildFile; fileRef = 1AB2753725E4DD7C0013D046 /* ContentView.swift */; };
		1AB2753A25E4DD7F0013D046 /* Assets.xcassets in Resources */ = {isa = PBXBuildFile; fileRef = 1AB2753925E4DD7F0013D046 /* Assets.xcassets */; };
		1AB2753D25E4DD7F0013D046 /* Preview Assets.xcassets in Resources */ = {isa = PBXBuildFile; fileRef = 1AB2753C25E4DD7F0013D046 /* Preview Assets.xcassets */; };
		1AB2753F25E4DD7F0013D046 /* Persistence.swift in Sources */ = {isa = PBXBuildFile; fileRef = 1AB2753E25E4DD7F0013D046 /* Persistence.swift */; };
		1AB2754225E4DD7F0013D046 /* WebtoonAssistant_Coredata.xcdatamodeld in Sources */ = {isa = PBXBuildFile; fileRef = 1AB2754025E4DD7F0013D046 /* WebtoonAssistant_Coredata.xcdatamodeld */; };
		1AB2754C25E4E0620013D046 /* Webtoon+CoreDataClass.swift in Sources */ = {isa = PBXBuildFile; fileRef = 1AB2754A25E4E0620013D046 /* Webtoon+CoreDataClass.swift */; };
		1AB2754D25E4E0620013D046 /* Webtoon+CoreDataProperties.swift in Sources */ = {isa = PBXBuildFile; fileRef = 1AB2754B25E4E0620013D046 /* Webtoon+CoreDataProperties.swift */; };
		1AB2755125E4E2400013D046 /* SettingsView.swift in Sources */ = {isa = PBXBuildFile; fileRef = 1AB2755025E4E2400013D046 /* SettingsView.swift */; };
		1AB2755425E4E3380013D046 /* WebServices.swift in Sources */ = {isa = PBXBuildFile; fileRef = 1AB2755325E4E3380013D046 /* WebServices.swift */; };
		1AB2755725E4E3CF0013D046 /* AddBookmarkView.swift in Sources */ = {isa = PBXBuildFile; fileRef = 1AB2755625E4E3CF0013D046 /* AddBookmarkView.swift */; };
		1AB2755B25E4E5440013D046 /* WebtoonModel.swift in Sources */ = {isa = PBXBuildFile; fileRef = 1AB2755A25E4E5440013D046 /* WebtoonModel.swift */; };
		1AB5921E25E63A060087FDEB /* BookmarkListView.swift in Sources */ = {isa = PBXBuildFile; fileRef = 1AB5921D25E63A060087FDEB /* BookmarkListView.swift */; };
		832A5AD45A4EE4C7B3CB8C10 /* Pods_WebtoonAssistant_Coredata.framework in Frameworks */ = {isa = PBXBuildFile; fileRef = A8376484B665A87303060F34 /* Pods_WebtoonAssistant_Coredata.framework */; };
/* End PBXBuildFile section */

/* Begin PBXFileReference section */
		1A34C1D226BFCABD008B3A78 /* WebtoonViewModel.swift */ = {isa = PBXFileReference; lastKnownFileType = sourcecode.swift; path = WebtoonViewModel.swift; sourceTree = "<group>"; };
		1A34C1D526BFCB1C008B3A78 /* Image+Extensions.swift */ = {isa = PBXFileReference; lastKnownFileType = sourcecode.swift; path = "Image+Extensions.swift"; sourceTree = "<group>"; };
		1A34C1D726BFCC16008B3A78 /* WebtoonCardView.swift */ = {isa = PBXFileReference; lastKnownFileType = sourcecode.swift; path = WebtoonCardView.swift; sourceTree = "<group>"; };
		1A34C1D926BFD116008B3A78 /* DayPicker.swift */ = {isa = PBXFileReference; lastKnownFileType = sourcecode.swift; path = DayPicker.swift; sourceTree = "<group>"; };
		1A34C1F726C02D68008B3A78 /* ImageCacheModel.swift */ = {isa = PBXFileReference; lastKnownFileType = sourcecode.swift; path = ImageCacheModel.swift; sourceTree = "<group>"; };
		1A34C1F926C02DF7008B3A78 /* ImageCacheViewModel.swift */ = {isa = PBXFileReference; lastKnownFileType = sourcecode.swift; path = ImageCacheViewModel.swift; sourceTree = "<group>"; };
		1AA5339426EDF3E900C8147C /* LandingView.swift */ = {isa = PBXFileReference; lastKnownFileType = sourcecode.swift; path = LandingView.swift; sourceTree = "<group>"; };
		1AA5339626EE036100C8147C /* ContentViewModel.swift */ = {isa = PBXFileReference; lastKnownFileType = sourcecode.swift; path = ContentViewModel.swift; sourceTree = "<group>"; };
		1AA5339926EE2A2100C8147C /* LandingViewModel.swift */ = {isa = PBXFileReference; lastKnownFileType = sourcecode.swift; path = LandingViewModel.swift; sourceTree = "<group>"; };
		1AB2753225E4DD7C0013D046 /* WebtoonAssistant_Coredata.app */ = {isa = PBXFileReference; explicitFileType = wrapper.application; includeInIndex = 0; path = WebtoonAssistant_Coredata.app; sourceTree = BUILT_PRODUCTS_DIR; };
		1AB2753525E4DD7C0013D046 /* WebtoonAssistant_CoredataApp.swift */ = {isa = PBXFileReference; lastKnownFileType = sourcecode.swift; path = WebtoonAssistant_CoredataApp.swift; sourceTree = "<group>"; };
		1AB2753725E4DD7C0013D046 /* ContentView.swift */ = {isa = PBXFileReference; lastKnownFileType = sourcecode.swift; path = ContentView.swift; sourceTree = "<group>"; };
		1AB2753925E4DD7F0013D046 /* Assets.xcassets */ = {isa = PBXFileReference; lastKnownFileType = folder.assetcatalog; path = Assets.xcassets; sourceTree = "<group>"; };
		1AB2753C25E4DD7F0013D046 /* Preview Assets.xcassets */ = {isa = PBXFileReference; lastKnownFileType = folder.assetcatalog; path = "Preview Assets.xcassets"; sourceTree = "<group>"; };
		1AB2753E25E4DD7F0013D046 /* Persistence.swift */ = {isa = PBXFileReference; lastKnownFileType = sourcecode.swift; path = Persistence.swift; sourceTree = "<group>"; };
		1AB2754125E4DD7F0013D046 /* WebtoonAssistant_Coredata.xcdatamodel */ = {isa = PBXFileReference; lastKnownFileType = wrapper.xcdatamodel; path = WebtoonAssistant_Coredata.xcdatamodel; sourceTree = "<group>"; };
		1AB2754325E4DD7F0013D046 /* Info.plist */ = {isa = PBXFileReference; lastKnownFileType = text.plist.xml; path = Info.plist; sourceTree = "<group>"; };
		1AB2754A25E4E0620013D046 /* Webtoon+CoreDataClass.swift */ = {isa = PBXFileReference; lastKnownFileType = sourcecode.swift; path = "Webtoon+CoreDataClass.swift"; sourceTree = "<group>"; };
		1AB2754B25E4E0620013D046 /* Webtoon+CoreDataProperties.swift */ = {isa = PBXFileReference; lastKnownFileType = sourcecode.swift; path = "Webtoon+CoreDataProperties.swift"; sourceTree = "<group>"; };
		1AB2755025E4E2400013D046 /* SettingsView.swift */ = {isa = PBXFileReference; lastKnownFileType = sourcecode.swift; path = SettingsView.swift; sourceTree = "<group>"; };
		1AB2755325E4E3380013D046 /* WebServices.swift */ = {isa = PBXFileReference; lastKnownFileType = sourcecode.swift; path = WebServices.swift; sourceTree = "<group>"; };
		1AB2755625E4E3CF0013D046 /* AddBookmarkView.swift */ = {isa = PBXFileReference; lastKnownFileType = sourcecode.swift; path = AddBookmarkView.swift; sourceTree = "<group>"; };
		1AB2755A25E4E5440013D046 /* WebtoonModel.swift */ = {isa = PBXFileReference; lastKnownFileType = sourcecode.swift; path = WebtoonModel.swift; sourceTree = "<group>"; };
		1AB5921D25E63A060087FDEB /* BookmarkListView.swift */ = {isa = PBXFileReference; lastKnownFileType = sourcecode.swift; path = BookmarkListView.swift; sourceTree = "<group>"; };
		99AC8CE795E3650128832DA0 /* Pods-WebtoonAssistant_Coredata.debug.xcconfig */ = {isa = PBXFileReference; includeInIndex = 1; lastKnownFileType = text.xcconfig; name = "Pods-WebtoonAssistant_Coredata.debug.xcconfig"; path = "Target Support Files/Pods-WebtoonAssistant_Coredata/Pods-WebtoonAssistant_Coredata.debug.xcconfig"; sourceTree = "<group>"; };
		A8376484B665A87303060F34 /* Pods_WebtoonAssistant_Coredata.framework */ = {isa = PBXFileReference; explicitFileType = wrapper.framework; includeInIndex = 0; path = Pods_WebtoonAssistant_Coredata.framework; sourceTree = BUILT_PRODUCTS_DIR; };
		DA79577470AF36F4CE413E3F /* Pods-WebtoonAssistant_Coredata.release.xcconfig */ = {isa = PBXFileReference; includeInIndex = 1; lastKnownFileType = text.xcconfig; name = "Pods-WebtoonAssistant_Coredata.release.xcconfig"; path = "Target Support Files/Pods-WebtoonAssistant_Coredata/Pods-WebtoonAssistant_Coredata.release.xcconfig"; sourceTree = "<group>"; };
/* End PBXFileReference section */

/* Begin PBXFrameworksBuildPhase section */
		1AB2752F25E4DD7C0013D046 /* Frameworks */ = {
			isa = PBXFrameworksBuildPhase;
			buildActionMask = 2147483647;
			files = (
				832A5AD45A4EE4C7B3CB8C10 /* Pods_WebtoonAssistant_Coredata.framework in Frameworks */,
			);
			runOnlyForDeploymentPostprocessing = 0;
		};
/* End PBXFrameworksBuildPhase section */

/* Begin PBXGroup section */
		1215CE638B49E23B35D4861A /* Frameworks */ = {
			isa = PBXGroup;
			children = (
				A8376484B665A87303060F34 /* Pods_WebtoonAssistant_Coredata.framework */,
			);
			name = Frameworks;
			sourceTree = "<group>";
		};
		1A34C1CE26BFCA0E008B3A78 /* Views */ = {
			isa = PBXGroup;
			children = (
				1A34C1DB26BFD247008B3A78 /* Components */,
				1AA5339426EDF3E900C8147C /* LandingView.swift */,
				1AB2753725E4DD7C0013D046 /* ContentView.swift */,
				1AB5921D25E63A060087FDEB /* BookmarkListView.swift */,
				1AB2755625E4E3CF0013D046 /* AddBookmarkView.swift */,
				1AB2755025E4E2400013D046 /* SettingsView.swift */,
				1A34C1D726BFCC16008B3A78 /* WebtoonCardView.swift */,
			);
			path = Views;
			sourceTree = "<group>";
		};
		1A34C1CF26BFCA16008B3A78 /* ViewModels */ = {
			isa = PBXGroup;
			children = (
				1A34C1D226BFCABD008B3A78 /* WebtoonViewModel.swift */,
				1AA5339926EE2A2100C8147C /* LandingViewModel.swift */,
				1AA5339626EE036100C8147C /* ContentViewModel.swift */,
			);
			path = ViewModels;
			sourceTree = "<group>";
		};
		1A34C1D026BFCA1D008B3A78 /* Models */ = {
			isa = PBXGroup;
			children = (
				1AB2755A25E4E5440013D046 /* WebtoonModel.swift */,
			);
			path = Models;
			sourceTree = "<group>";
		};
		1A34C1D126BFCA23008B3A78 /* Services */ = {
			isa = PBXGroup;
			children = (
				1AB2755325E4E3380013D046 /* WebServices.swift */,
			);
			path = Services;
			sourceTree = "<group>";
		};
		1A34C1D426BFCB08008B3A78 /* Extensions */ = {
			isa = PBXGroup;
			children = (
				1A34C1D526BFCB1C008B3A78 /* Image+Extensions.swift */,
			);
			path = Extensions;
			sourceTree = "<group>";
		};
		1A34C1DB26BFD247008B3A78 /* Components */ = {
			isa = PBXGroup;
			children = (
				1A34C1D926BFD116008B3A78 /* DayPicker.swift */,
			);
			path = Components;
			sourceTree = "<group>";
		};
		1AA5339826EE070500C8147C /* Temp Files */ = {
			isa = PBXGroup;
			children = (
				1A34C1F726C02D68008B3A78 /* ImageCacheModel.swift */,
				1A34C1F926C02DF7008B3A78 /* ImageCacheViewModel.swift */,
			);
			path = "Temp Files";
			sourceTree = "<group>";
		};
		1AB2752925E4DD7C0013D046 = {
			isa = PBXGroup;
			children = (
				1AB2754A25E4E0620013D046 /* Webtoon+CoreDataClass.swift */,
				1AB2754B25E4E0620013D046 /* Webtoon+CoreDataProperties.swift */,
				1AB2753E25E4DD7F0013D046 /* Persistence.swift */,
				1AB2753525E4DD7C0013D046 /* WebtoonAssistant_CoredataApp.swift */,
				1AB2754025E4DD7F0013D046 /* WebtoonAssistant_Coredata.xcdatamodeld */,
				1AB2753425E4DD7C0013D046 /* WebtoonAssistant_Coredata */,
				1AB2753325E4DD7C0013D046 /* Products */,
				F6A22B5229295AC4E66E59C0 /* Pods */,
				1215CE638B49E23B35D4861A /* Frameworks */,
			);
			sourceTree = "<group>";
		};
		1AB2753325E4DD7C0013D046 /* Products */ = {
			isa = PBXGroup;
			children = (
				1AB2753225E4DD7C0013D046 /* WebtoonAssistant_Coredata.app */,
			);
			name = Products;
			sourceTree = "<group>";
		};
		1AB2753425E4DD7C0013D046 /* WebtoonAssistant_Coredata */ = {
			isa = PBXGroup;
			children = (
				1AA5339826EE070500C8147C /* Temp Files */,
				1A34C1D426BFCB08008B3A78 /* Extensions */,
				1A34C1D126BFCA23008B3A78 /* Services */,
				1A34C1D026BFCA1D008B3A78 /* Models */,
				1A34C1CF26BFCA16008B3A78 /* ViewModels */,
				1A34C1CE26BFCA0E008B3A78 /* Views */,
				1AB2754325E4DD7F0013D046 /* Info.plist */,
				1AB2753925E4DD7F0013D046 /* Assets.xcassets */,
				1AB2753B25E4DD7F0013D046 /* Preview Content */,
			);
			path = WebtoonAssistant_Coredata;
			sourceTree = "<group>";
		};
		1AB2753B25E4DD7F0013D046 /* Preview Content */ = {
			isa = PBXGroup;
			children = (
				1AB2753C25E4DD7F0013D046 /* Preview Assets.xcassets */,
			);
			path = "Preview Content";
			sourceTree = "<group>";
		};
		F6A22B5229295AC4E66E59C0 /* Pods */ = {
			isa = PBXGroup;
			children = (
				99AC8CE795E3650128832DA0 /* Pods-WebtoonAssistant_Coredata.debug.xcconfig */,
				DA79577470AF36F4CE413E3F /* Pods-WebtoonAssistant_Coredata.release.xcconfig */,
			);
			path = Pods;
			sourceTree = "<group>";
		};
/* End PBXGroup section */

/* Begin PBXNativeTarget section */
		1AB2753125E4DD7C0013D046 /* WebtoonAssistant_Coredata */ = {
			isa = PBXNativeTarget;
			buildConfigurationList = 1AB2754625E4DD7F0013D046 /* Build configuration list for PBXNativeTarget "WebtoonAssistant_Coredata" */;
			buildPhases = (
				CE54BE48D3DA12693C272B28 /* [CP] Check Pods Manifest.lock */,
				1AB2752E25E4DD7C0013D046 /* Sources */,
				1AB2752F25E4DD7C0013D046 /* Frameworks */,
				1AB2753025E4DD7C0013D046 /* Resources */,
				788784DCD9865F94892A0C36 /* [CP] Embed Pods Frameworks */,
			);
			buildRules = (
			);
			dependencies = (
			);
			name = WebtoonAssistant_Coredata;
			productName = WebtoonAssistant_Coredata;
			productReference = 1AB2753225E4DD7C0013D046 /* WebtoonAssistant_Coredata.app */;
			productType = "com.apple.product-type.application";
		};
/* End PBXNativeTarget section */

/* Begin PBXProject section */
		1AB2752A25E4DD7C0013D046 /* Project object */ = {
			isa = PBXProject;
			attributes = {
				LastSwiftUpdateCheck = 1240;
				LastUpgradeCheck = 1240;
				TargetAttributes = {
					1AB2753125E4DD7C0013D046 = {
						CreatedOnToolsVersion = 12.4;
					};
				};
			};
			buildConfigurationList = 1AB2752D25E4DD7C0013D046 /* Build configuration list for PBXProject "WebtoonAssistant_Coredata" */;
			compatibilityVersion = "Xcode 9.3";
			developmentRegion = en;
			hasScannedForEncodings = 0;
			knownRegions = (
				en,
				Base,
			);
			mainGroup = 1AB2752925E4DD7C0013D046;
			productRefGroup = 1AB2753325E4DD7C0013D046 /* Products */;
			projectDirPath = "";
			projectRoot = "";
			targets = (
				1AB2753125E4DD7C0013D046 /* WebtoonAssistant_Coredata */,
			);
		};
/* End PBXProject section */

/* Begin PBXResourcesBuildPhase section */
		1AB2753025E4DD7C0013D046 /* Resources */ = {
			isa = PBXResourcesBuildPhase;
			buildActionMask = 2147483647;
			files = (
				1AB2753D25E4DD7F0013D046 /* Preview Assets.xcassets in Resources */,
				1AB2753A25E4DD7F0013D046 /* Assets.xcassets in Resources */,
			);
			runOnlyForDeploymentPostprocessing = 0;
		};
/* End PBXResourcesBuildPhase section */

/* Begin PBXShellScriptBuildPhase section */
		788784DCD9865F94892A0C36 /* [CP] Embed Pods Frameworks */ = {
			isa = PBXShellScriptBuildPhase;
			buildActionMask = 2147483647;
			files = (
			);
			inputFileListPaths = (
				"${PODS_ROOT}/Target Support Files/Pods-WebtoonAssistant_Coredata/Pods-WebtoonAssistant_Coredata-frameworks-${CONFIGURATION}-input-files.xcfilelist",
			);
			name = "[CP] Embed Pods Frameworks";
			outputFileListPaths = (
				"${PODS_ROOT}/Target Support Files/Pods-WebtoonAssistant_Coredata/Pods-WebtoonAssistant_Coredata-frameworks-${CONFIGURATION}-output-files.xcfilelist",
			);
			runOnlyForDeploymentPostprocessing = 0;
			shellPath = /bin/sh;
			shellScript = "\"${PODS_ROOT}/Target Support Files/Pods-WebtoonAssistant_Coredata/Pods-WebtoonAssistant_Coredata-frameworks.sh\"\n";
			showEnvVarsInLog = 0;
		};
		CE54BE48D3DA12693C272B28 /* [CP] Check Pods Manifest.lock */ = {
			isa = PBXShellScriptBuildPhase;
			buildActionMask = 2147483647;
			files = (
			);
			inputFileListPaths = (
			);
			inputPaths = (
				"${PODS_PODFILE_DIR_PATH}/Podfile.lock",
				"${PODS_ROOT}/Manifest.lock",
			);
			name = "[CP] Check Pods Manifest.lock";
			outputFileListPaths = (
			);
			outputPaths = (
				"$(DERIVED_FILE_DIR)/Pods-WebtoonAssistant_Coredata-checkManifestLockResult.txt",
			);
			runOnlyForDeploymentPostprocessing = 0;
			shellPath = /bin/sh;
			shellScript = "diff \"${PODS_PODFILE_DIR_PATH}/Podfile.lock\" \"${PODS_ROOT}/Manifest.lock\" > /dev/null\nif [ $? != 0 ] ; then\n    # print error to STDERR\n    echo \"error: The sandbox is not in sync with the Podfile.lock. Run 'pod install' or update your CocoaPods installation.\" >&2\n    exit 1\nfi\n# This output is used by Xcode 'outputs' to avoid re-running this script phase.\necho \"SUCCESS\" > \"${SCRIPT_OUTPUT_FILE_0}\"\n";
			showEnvVarsInLog = 0;
		};
/* End PBXShellScriptBuildPhase section */

/* Begin PBXSourcesBuildPhase section */
		1AB2752E25E4DD7C0013D046 /* Sources */ = {
			isa = PBXSourcesBuildPhase;
			buildActionMask = 2147483647;
			files = (
				1AA5339526EDF3E900C8147C /* LandingView.swift in Sources */,
				1AB2755125E4E2400013D046 /* SettingsView.swift in Sources */,
				1A34C1D626BFCB1C008B3A78 /* Image+Extensions.swift in Sources */,
				1AB2755425E4E3380013D046 /* WebServices.swift in Sources */,
				1AB2754225E4DD7F0013D046 /* WebtoonAssistant_Coredata.xcdatamodeld in Sources */,
				1A34C1D326BFCABD008B3A78 /* WebtoonViewModel.swift in Sources */,
				1AA5339A26EE2A2100C8147C /* LandingViewModel.swift in Sources */,
				1AB2755B25E4E5440013D046 /* WebtoonModel.swift in Sources */,
				1A34C1FA26C02DF7008B3A78 /* ImageCacheViewModel.swift in Sources */,
				1AB2755725E4E3CF0013D046 /* AddBookmarkView.swift in Sources */,
				1AB2754C25E4E0620013D046 /* Webtoon+CoreDataClass.swift in Sources */,
				1A34C1F826C02D69008B3A78 /* ImageCacheModel.swift in Sources */,
				1AB2754D25E4E0620013D046 /* Webtoon+CoreDataProperties.swift in Sources */,
				1AA5339726EE036100C8147C /* ContentViewModel.swift in Sources */,
				1AB2753F25E4DD7F0013D046 /* Persistence.swift in Sources */,
				1AB5921E25E63A060087FDEB /* BookmarkListView.swift in Sources */,
				1AB2753825E4DD7C0013D046 /* ContentView.swift in Sources */,
				1A34C1DA26BFD116008B3A78 /* DayPicker.swift in Sources */,
				1AB2753625E4DD7C0013D046 /* WebtoonAssistant_CoredataApp.swift in Sources */,
				1A34C1D826BFCC16008B3A78 /* WebtoonCardView.swift in Sources */,
			);
			runOnlyForDeploymentPostprocessing = 0;
		};
/* End PBXSourcesBuildPhase section */

/* Begin XCBuildConfiguration section */
		1AB2754425E4DD7F0013D046 /* Debug */ = {
			isa = XCBuildConfiguration;
			buildSettings = {
				ALWAYS_SEARCH_USER_PATHS = NO;
				CLANG_ANALYZER_NONNULL = YES;
				CLANG_ANALYZER_NUMBER_OBJECT_CONVERSION = YES_AGGRESSIVE;
				CLANG_CXX_LANGUAGE_STANDARD = "gnu++14";
				CLANG_CXX_LIBRARY = "libc++";
				CLANG_ENABLE_MODULES = YES;
				CLANG_ENABLE_OBJC_ARC = YES;
				CLANG_ENABLE_OBJC_WEAK = YES;
				CLANG_WARN_BLOCK_CAPTURE_AUTORELEASING = YES;
				CLANG_WARN_BOOL_CONVERSION = YES;
				CLANG_WARN_COMMA = YES;
				CLANG_WARN_CONSTANT_CONVERSION = YES;
				CLANG_WARN_DEPRECATED_OBJC_IMPLEMENTATIONS = YES;
				CLANG_WARN_DIRECT_OBJC_ISA_USAGE = YES_ERROR;
				CLANG_WARN_DOCUMENTATION_COMMENTS = YES;
				CLANG_WARN_EMPTY_BODY = YES;
				CLANG_WARN_ENUM_CONVERSION = YES;
				CLANG_WARN_INFINITE_RECURSION = YES;
				CLANG_WARN_INT_CONVERSION = YES;
				CLANG_WARN_NON_LITERAL_NULL_CONVERSION = YES;
				CLANG_WARN_OBJC_IMPLICIT_RETAIN_SELF = YES;
				CLANG_WARN_OBJC_LITERAL_CONVERSION = YES;
				CLANG_WARN_OBJC_ROOT_CLASS = YES_ERROR;
				CLANG_WARN_QUOTED_INCLUDE_IN_FRAMEWORK_HEADER = YES;
				CLANG_WARN_RANGE_LOOP_ANALYSIS = YES;
				CLANG_WARN_STRICT_PROTOTYPES = YES;
				CLANG_WARN_SUSPICIOUS_MOVE = YES;
				CLANG_WARN_UNGUARDED_AVAILABILITY = YES_AGGRESSIVE;
				CLANG_WARN_UNREACHABLE_CODE = YES;
				CLANG_WARN__DUPLICATE_METHOD_MATCH = YES;
				COPY_PHASE_STRIP = NO;
				DEBUG_INFORMATION_FORMAT = dwarf;
				ENABLE_STRICT_OBJC_MSGSEND = YES;
				ENABLE_TESTABILITY = YES;
				GCC_C_LANGUAGE_STANDARD = gnu11;
				GCC_DYNAMIC_NO_PIC = NO;
				GCC_NO_COMMON_BLOCKS = YES;
				GCC_OPTIMIZATION_LEVEL = 0;
				GCC_PREPROCESSOR_DEFINITIONS = (
					"DEBUG=1",
					"$(inherited)",
				);
				GCC_WARN_64_TO_32_BIT_CONVERSION = YES;
				GCC_WARN_ABOUT_RETURN_TYPE = YES_ERROR;
				GCC_WARN_UNDECLARED_SELECTOR = YES;
				GCC_WARN_UNINITIALIZED_AUTOS = YES_AGGRESSIVE;
				GCC_WARN_UNUSED_FUNCTION = YES;
				GCC_WARN_UNUSED_VARIABLE = YES;
				IPHONEOS_DEPLOYMENT_TARGET = 14.4;
				MTL_ENABLE_DEBUG_INFO = INCLUDE_SOURCE;
				MTL_FAST_MATH = YES;
				ONLY_ACTIVE_ARCH = YES;
				SDKROOT = iphoneos;
				SWIFT_ACTIVE_COMPILATION_CONDITIONS = DEBUG;
				SWIFT_OPTIMIZATION_LEVEL = "-Onone";
			};
			name = Debug;
		};
		1AB2754525E4DD7F0013D046 /* Release */ = {
			isa = XCBuildConfiguration;
			buildSettings = {
				ALWAYS_SEARCH_USER_PATHS = NO;
				CLANG_ANALYZER_NONNULL = YES;
				CLANG_ANALYZER_NUMBER_OBJECT_CONVERSION = YES_AGGRESSIVE;
				CLANG_CXX_LANGUAGE_STANDARD = "gnu++14";
				CLANG_CXX_LIBRARY = "libc++";
				CLANG_ENABLE_MODULES = YES;
				CLANG_ENABLE_OBJC_ARC = YES;
				CLANG_ENABLE_OBJC_WEAK = YES;
				CLANG_WARN_BLOCK_CAPTURE_AUTORELEASING = YES;
				CLANG_WARN_BOOL_CONVERSION = YES;
				CLANG_WARN_COMMA = YES;
				CLANG_WARN_CONSTANT_CONVERSION = YES;
				CLANG_WARN_DEPRECATED_OBJC_IMPLEMENTATIONS = YES;
				CLANG_WARN_DIRECT_OBJC_ISA_USAGE = YES_ERROR;
				CLANG_WARN_DOCUMENTATION_COMMENTS = YES;
				CLANG_WARN_EMPTY_BODY = YES;
				CLANG_WARN_ENUM_CONVERSION = YES;
				CLANG_WARN_INFINITE_RECURSION = YES;
				CLANG_WARN_INT_CONVERSION = YES;
				CLANG_WARN_NON_LITERAL_NULL_CONVERSION = YES;
				CLANG_WARN_OBJC_IMPLICIT_RETAIN_SELF = YES;
				CLANG_WARN_OBJC_LITERAL_CONVERSION = YES;
				CLANG_WARN_OBJC_ROOT_CLASS = YES_ERROR;
				CLANG_WARN_QUOTED_INCLUDE_IN_FRAMEWORK_HEADER = YES;
				CLANG_WARN_RANGE_LOOP_ANALYSIS = YES;
				CLANG_WARN_STRICT_PROTOTYPES = YES;
				CLANG_WARN_SUSPICIOUS_MOVE = YES;
				CLANG_WARN_UNGUARDED_AVAILABILITY = YES_AGGRESSIVE;
				CLANG_WARN_UNREACHABLE_CODE = YES;
				CLANG_WARN__DUPLICATE_METHOD_MATCH = YES;
				COPY_PHASE_STRIP = NO;
				DEBUG_INFORMATION_FORMAT = "dwarf-with-dsym";
				ENABLE_NS_ASSERTIONS = NO;
				ENABLE_STRICT_OBJC_MSGSEND = YES;
				GCC_C_LANGUAGE_STANDARD = gnu11;
				GCC_NO_COMMON_BLOCKS = YES;
				GCC_WARN_64_TO_32_BIT_CONVERSION = YES;
				GCC_WARN_ABOUT_RETURN_TYPE = YES_ERROR;
				GCC_WARN_UNDECLARED_SELECTOR = YES;
				GCC_WARN_UNINITIALIZED_AUTOS = YES_AGGRESSIVE;
				GCC_WARN_UNUSED_FUNCTION = YES;
				GCC_WARN_UNUSED_VARIABLE = YES;
				IPHONEOS_DEPLOYMENT_TARGET = 14.4;
				MTL_ENABLE_DEBUG_INFO = NO;
				MTL_FAST_MATH = YES;
				SDKROOT = iphoneos;
				SWIFT_COMPILATION_MODE = wholemodule;
				SWIFT_OPTIMIZATION_LEVEL = "-O";
				VALIDATE_PRODUCT = YES;
			};
			name = Release;
		};
		1AB2754725E4DD7F0013D046 /* Debug */ = {
			isa = XCBuildConfiguration;
			baseConfigurationReference = 99AC8CE795E3650128832DA0 /* Pods-WebtoonAssistant_Coredata.debug.xcconfig */;
			buildSettings = {
				ASSETCATALOG_COMPILER_APPICON_NAME = AppIcon;
				ASSETCATALOG_COMPILER_GLOBAL_ACCENT_COLOR_NAME = AccentColor;
				CODE_SIGN_STYLE = Automatic;
				DEVELOPMENT_ASSET_PATHS = "\"WebtoonAssistant_Coredata/Preview Content\"";
				DEVELOPMENT_TEAM = ZKRH5N6RGG;
				ENABLE_PREVIEWS = YES;
				INFOPLIST_FILE = WebtoonAssistant_Coredata/Info.plist;
				IPHONEOS_DEPLOYMENT_TARGET = 14.0;
				LD_RUNPATH_SEARCH_PATHS = (
					"$(inherited)",
					"@executable_path/Frameworks",
				);
				PRODUCT_BUNDLE_IDENTIFIER = "ParkgyurimDevelopement.WebtoonAssistant-Coredata";
				PRODUCT_NAME = "$(TARGET_NAME)";
				SWIFT_VERSION = 5.0;
				TARGETED_DEVICE_FAMILY = "1,2";
			};
			name = Debug;
		};
		1AB2754825E4DD7F0013D046 /* Release */ = {
			isa = XCBuildConfiguration;
			baseConfigurationReference = DA79577470AF36F4CE413E3F /* Pods-WebtoonAssistant_Coredata.release.xcconfig */;
			buildSettings = {
				ASSETCATALOG_COMPILER_APPICON_NAME = AppIcon;
				ASSETCATALOG_COMPILER_GLOBAL_ACCENT_COLOR_NAME = AccentColor;
				CODE_SIGN_STYLE = Automatic;
				DEVELOPMENT_ASSET_PATHS = "\"WebtoonAssistant_Coredata/Preview Content\"";
				DEVELOPMENT_TEAM = ZKRH5N6RGG;
				ENABLE_PREVIEWS = YES;
				INFOPLIST_FILE = WebtoonAssistant_Coredata/Info.plist;
				IPHONEOS_DEPLOYMENT_TARGET = 14.0;
				LD_RUNPATH_SEARCH_PATHS = (
					"$(inherited)",
					"@executable_path/Frameworks",
				);
				PRODUCT_BUNDLE_IDENTIFIER = "ParkgyurimDevelopement.WebtoonAssistant-Coredata";
				PRODUCT_NAME = "$(TARGET_NAME)";
				SWIFT_VERSION = 5.0;
				TARGETED_DEVICE_FAMILY = "1,2";
			};
			name = Release;
		};
/* End XCBuildConfiguration section */

/* Begin XCConfigurationList section */
		1AB2752D25E4DD7C0013D046 /* Build configuration list for PBXProject "WebtoonAssistant_Coredata" */ = {
			isa = XCConfigurationList;
			buildConfigurations = (
				1AB2754425E4DD7F0013D046 /* Debug */,
				1AB2754525E4DD7F0013D046 /* Release */,
			);
			defaultConfigurationIsVisible = 0;
			defaultConfigurationName = Release;
		};
		1AB2754625E4DD7F0013D046 /* Build configuration list for PBXNativeTarget "WebtoonAssistant_Coredata" */ = {
			isa = XCConfigurationList;
			buildConfigurations = (
				1AB2754725E4DD7F0013D046 /* Debug */,
				1AB2754825E4DD7F0013D046 /* Release */,
			);
			defaultConfigurationIsVisible = 0;
			defaultConfigurationName = Release;
		};
/* End XCConfigurationList section */

/* Begin XCVersionGroup section */
		1AB2754025E4DD7F0013D046 /* WebtoonAssistant_Coredata.xcdatamodeld */ = {
			isa = XCVersionGroup;
			children = (
				1AB2754125E4DD7F0013D046 /* WebtoonAssistant_Coredata.xcdatamodel */,
			);
			currentVersion = 1AB2754125E4DD7F0013D046 /* WebtoonAssistant_Coredata.xcdatamodel */;
			path = WebtoonAssistant_Coredata.xcdatamodeld;
			sourceTree = "<group>";
			versionGroupType = wrapper.xcdatamodel;
		};
/* End XCVersionGroup section */
	};
	rootObject = 1AB2752A25E4DD7C0013D046 /* Project object */;
}
